
Microsoft Visual Studio Solution File, Format Version 12.00
# Visual Studio Version 16
VisualStudioVersion = 16.0.28531.58
MinimumVisualStudioVersion = 10.0.40219.1
Project("{FAE04EC0-301F-11D3-BF4B-00C04F79EFBC}") = "REMST", "REMST.csproj", "{EF767A0E-3C99-471D-B8ED-9D432AFB91AC}"
EndProject
Global
	GlobalSection(SolutionConfigurationPlatforms) = preSolution
		Debug|Any CPU = Debug|Any CPU
		Release|Any CPU = Release|Any CPU
	EndGlobalSection
	GlobalSection(ProjectConfigurationPlatforms) = postSolution
		{EF767A0E-3C99-471D-B8ED-9D432AFB91AC}.Debug|Any CPU.ActiveCfg = Debug|Any CPU
		{EF767A0E-3C99-471D-B8ED-9D432AFB91AC}.Debug|Any CPU.Build.0 = Debug|Any CPU
		{EF767A0E-3C99-471D-B8ED-9D432AFB91AC}.Release|Any CPU.ActiveCfg = Release|Any CPU
		{EF767A0E-3C99-471D-B8ED-9D432AFB91AC}.Release|Any CPU.Build.0 = Release|Any CPU
	EndGlobalSection
	GlobalSection(SolutionProperties) = preSolution
		HideSolutionNode = FALSE
	EndGlobalSection
	GlobalSection(ExtensibilityGlobals) = postSolution
		SolutionGuid = {274677BF-CD19-4AD1-B525-F1981B4E2142}
	EndGlobalSection
EndGlobal
